{
  "name": "rainbow-log",
  "version": "1.0.2",
  "lockfileVersion": 3,
  "requires": true,
  "packages": {
    "": {
      "name": "rainbow-log",
      "version": "1.0.2",
      "license": "ISC",
      "dependencies": {
        "dir-control": "^1.0.2"
      }
    },
    "node_modules/dir-control": {
      "version": "1.0.2",
      "resolved": "https://registry.npmjs.org/dir-control/-/dir-control-1.0.2.tgz",
      "integrity": "sha512-FDHWImLLkLKZQ9SK4bBrv6KOjbSm2aI49VVGxeWKZcX/n6L9lpGiDzGe74tiIgSTEvz8SCv+laJCtwWBIDhJ2Q=="
    }
  }
}
